
Microsoft Visual Studio Solution File, Format Version 12.00
# Visual Studio Version 17
VisualStudioVersion = 17.13.35919.96 d17.13
MinimumVisualStudioVersion = 10.0.40219.1
Project("{FAE04EC0-301F-11D3-BF4B-00C04F79EFBC}") = "Collapse", "Collapse\Collapse.csproj", "{7905FC36-725A-45CC-A739-CEC527BE16B5}"
EndProject
Global
	GlobalSection(SolutionConfigurationPlatforms) = preSolution
		Debug|Any CPU = Debug|Any CPU
		Release|Any CPU = Release|Any CPU
	EndGlobalSection
	GlobalSection(ProjectConfigurationPlatforms) = postSolution
		{7905FC36-725A-45CC-A739-CEC527BE16B5}.Debug|Any CPU.ActiveCfg = Debug|Any CPU
		{7905FC36-725A-45CC-A739-CEC527BE16B5}.Debug|Any CPU.Build.0 = Debug|Any CPU
		{7905FC36-725A-45CC-A739-CEC527BE16B5}.Release|Any CPU.ActiveCfg = Release|Any CPU
		{7905FC36-725A-45CC-A739-CEC527BE16B5}.Release|Any CPU.Build.0 = Release|Any CPU
	EndGlobalSection
	GlobalSection(SolutionProperties) = preSolution
		HideSolutionNode = FALSE
	EndGlobalSection
	GlobalSection(ExtensibilityGlobals) = postSolution
		SolutionGuid = {344B8572-41E0-48AD-A0E7-A34DD5A13EB3}
	EndGlobalSection
EndGlobal
