Microsoft Visual Studio Solution File, Format Version 12.00
# Visual Studio Version 17
VisualStudioVersion = 17.5.2.0
MinimumVisualStudioVersion = 10.0.40219.1
Project("{FAE04EC0-301F-11D3-BF4B-00C04F79EFBC}") = "Collapse", "Collapse.csproj", "{D1B209FC-BFD5-3184-2B76-8D01CC073524}"
EndProject
Global
	GlobalSection(SolutionConfigurationPlatforms) = preSolution
		Debug|Any CPU = Debug|Any CPU
		Release|Any CPU = Release|Any CPU
	EndGlobalSection
	GlobalSection(ProjectConfigurationPlatforms) = postSolution
		{D1B209FC-BFD5-3184-2B76-8D01CC073524}.Debug|Any CPU.ActiveCfg = Debug|Any CPU
		{D1B209FC-BFD5-3184-2B76-8D01CC073524}.Debug|Any CPU.Build.0 = Debug|Any CPU
		{D1B209FC-BFD5-3184-2B76-8D01CC073524}.Release|Any CPU.ActiveCfg = Release|Any CPU
		{D1B209FC-BFD5-3184-2B76-8D01CC073524}.Release|Any CPU.Build.0 = Release|Any CPU
	EndGlobalSection
	GlobalSection(SolutionProperties) = preSolution
		HideSolutionNode = FALSE
	EndGlobalSection
	GlobalSection(ExtensibilityGlobals) = postSolution
		SolutionGuid = {3FA6CFE8-25C7-4539-BB5B-6E87E3C838F9}
	EndGlobalSection
EndGlobal
